
Microsoft Visual Studio Solution File, Format Version 12.00
# Visual Studio 14
VisualStudioVersion = 14.0.25420.1
MinimumVisualStudioVersion = 10.0.40219.1
Project("{2150E333-8FDC-42A3-9474-1A3956D46DE8}") = "BackEnd", "BackEnd", "{3A35D63A-71AA-45C4-8536-C4DE1DCD9766}"
EndProject
Project("{2150E333-8FDC-42A3-9474-1A3956D46DE8}") = "FrontEnd", "FrontEnd", "{8E2D0CC6-279B-4801-AFF2-4A632E04F839}"
EndProject
Project("{FAE04EC0-301F-11D3-BF4B-00C04F79EFBC}") = "BE", "BackEnd\BE\BE.csproj", "{D3DE2573-E9B5-4AE1-9F1D-A06779EDF3E8}"
EndProject
Project("{FAE04EC0-301F-11D3-BF4B-00C04F79EFBC}") = "DAC", "BackEnd\DAC\DAC.csproj", "{DA76A63E-7EA2-41D0-95D0-D40F832CBDEA}"
EndProject
Project("{FAE04EC0-301F-11D3-BF4B-00C04F79EFBC}") = "PectraForms.PWA", "PWA\PectraForms.PWA.csproj", "{81739A2C-B63F-4F7C-9B2B-275E8563A2F9}"
EndProject
Project("{FAE04EC0-301F-11D3-BF4B-00C04F79EFBC}") = "PectraForms.WebApplication", "FrontEnd\PectraForms.WebApplication.csproj", "{44F06718-D28D-44C6-95CE-999D95E735EC}"
EndProject
Project("{FAE04EC0-301F-11D3-BF4B-00C04F79EFBC}") = "API", "BackEnd\API\API.csproj", "{90827E8E-4648-422D-9256-5AFAF83D42B9}"
EndProject
Global
	GlobalSection(SolutionConfigurationPlatforms) = preSolution
		Debug|Any CPU = Debug|Any CPU
		Release|Any CPU = Release|Any CPU
	EndGlobalSection
	GlobalSection(ProjectConfigurationPlatforms) = postSolution
		{D3DE2573-E9B5-4AE1-9F1D-A06779EDF3E8}.Debug|Any CPU.ActiveCfg = Debug|Any CPU
		{D3DE2573-E9B5-4AE1-9F1D-A06779EDF3E8}.Debug|Any CPU.Build.0 = Debug|Any CPU
		{D3DE2573-E9B5-4AE1-9F1D-A06779EDF3E8}.Release|Any CPU.ActiveCfg = Release|Any CPU
		{D3DE2573-E9B5-4AE1-9F1D-A06779EDF3E8}.Release|Any CPU.Build.0 = Release|Any CPU
		{DA76A63E-7EA2-41D0-95D0-D40F832CBDEA}.Debug|Any CPU.ActiveCfg = Debug|Any CPU
		{DA76A63E-7EA2-41D0-95D0-D40F832CBDEA}.Debug|Any CPU.Build.0 = Debug|Any CPU
		{DA76A63E-7EA2-41D0-95D0-D40F832CBDEA}.Release|Any CPU.ActiveCfg = Release|Any CPU
		{DA76A63E-7EA2-41D0-95D0-D40F832CBDEA}.Release|Any CPU.Build.0 = Release|Any CPU
		{81739A2C-B63F-4F7C-9B2B-275E8563A2F9}.Debug|Any CPU.ActiveCfg = Debug|Any CPU
		{81739A2C-B63F-4F7C-9B2B-275E8563A2F9}.Debug|Any CPU.Build.0 = Debug|Any CPU
		{81739A2C-B63F-4F7C-9B2B-275E8563A2F9}.Release|Any CPU.ActiveCfg = Release|Any CPU
		{81739A2C-B63F-4F7C-9B2B-275E8563A2F9}.Release|Any CPU.Build.0 = Release|Any CPU
		{44F06718-D28D-44C6-95CE-999D95E735EC}.Debug|Any CPU.ActiveCfg = Debug|Any CPU
		{44F06718-D28D-44C6-95CE-999D95E735EC}.Debug|Any CPU.Build.0 = Debug|Any CPU
		{44F06718-D28D-44C6-95CE-999D95E735EC}.Release|Any CPU.ActiveCfg = Release|Any CPU
		{44F06718-D28D-44C6-95CE-999D95E735EC}.Release|Any CPU.Build.0 = Release|Any CPU
		{90827E8E-4648-422D-9256-5AFAF83D42B9}.Debug|Any CPU.ActiveCfg = Debug|Any CPU
		{90827E8E-4648-422D-9256-5AFAF83D42B9}.Debug|Any CPU.Build.0 = Debug|Any CPU
		{90827E8E-4648-422D-9256-5AFAF83D42B9}.Release|Any CPU.ActiveCfg = Release|Any CPU
		{90827E8E-4648-422D-9256-5AFAF83D42B9}.Release|Any CPU.Build.0 = Release|Any CPU
	EndGlobalSection
	GlobalSection(SolutionProperties) = preSolution
		HideSolutionNode = FALSE
	EndGlobalSection
	GlobalSection(NestedProjects) = preSolution
		{D3DE2573-E9B5-4AE1-9F1D-A06779EDF3E8} = {3A35D63A-71AA-45C4-8536-C4DE1DCD9766}
		{DA76A63E-7EA2-41D0-95D0-D40F832CBDEA} = {3A35D63A-71AA-45C4-8536-C4DE1DCD9766}
		{81739A2C-B63F-4F7C-9B2B-275E8563A2F9} = {8E2D0CC6-279B-4801-AFF2-4A632E04F839}
		{44F06718-D28D-44C6-95CE-999D95E735EC} = {8E2D0CC6-279B-4801-AFF2-4A632E04F839}
		{90827E8E-4648-422D-9256-5AFAF83D42B9} = {3A35D63A-71AA-45C4-8536-C4DE1DCD9766}
	EndGlobalSection
EndGlobal
